
Microsoft Visual Studio Solution File, Format Version 12.00
# Visual Studio Version 17
VisualStudioVersion = 17.5.33530.505
MinimumVisualStudioVersion = 10.0.40219.1
Project("{FAE04EC0-301F-11D3-BF4B-00C04F79EFBC}") = "Prjkt", "Prjkt\Prjkt.csproj", "{72CCAB3E-0E03-4ADB-A7F0-CB75B0406694}"
EndProject
Global
	GlobalSection(SolutionConfigurationPlatforms) = preSolution
		Debug|Any CPU = Debug|Any CPU
		Release|Any CPU = Release|Any CPU
	EndGlobalSection
	GlobalSection(ProjectConfigurationPlatforms) = postSolution
		{72CCAB3E-0E03-4ADB-A7F0-CB75B0406694}.Debug|Any CPU.ActiveCfg = Debug|Any CPU
		{72CCAB3E-0E03-4ADB-A7F0-CB75B0406694}.Debug|Any CPU.Build.0 = Debug|Any CPU
		{72CCAB3E-0E03-4ADB-A7F0-CB75B0406694}.Release|Any CPU.ActiveCfg = Release|Any CPU
		{72CCAB3E-0E03-4ADB-A7F0-CB75B0406694}.Release|Any CPU.Build.0 = Release|Any CPU
	EndGlobalSection
	GlobalSection(SolutionProperties) = preSolution
		HideSolutionNode = FALSE
	EndGlobalSection
	GlobalSection(ExtensibilityGlobals) = postSolution
		SolutionGuid = {7061CA77-5D2B-427B-B6D3-9D60E31CE1D1}
	EndGlobalSection
EndGlobal
